
Microsoft Visual Studio Solution File, Format Version 10.00
# Visual Studio 2008
Project("{FAE04EC0-301F-11D3-BF4B-00C04F79EFBC}") = "BehaviorDesignerEditor", "BTWin.csproj", "{CBB42210-D90C-437B-A763-7D3AF1EA1518}"
EndProject
Global
	GlobalSection(SolutionConfigurationPlatforms) = preSolution
		Debug|Any CPU = Debug|Any CPU
		Release|Any CPU = Release|Any CPU
	EndGlobalSection
	GlobalSection(ProjectConfigurationPlatforms) = postSolution
		{CBB42210-D90C-437B-A763-7D3AF1EA1518}.Debug|Any CPU.ActiveCfg = Debug|Any CPU
		{CBB42210-D90C-437B-A763-7D3AF1EA1518}.Debug|Any CPU.Build.0 = Debug|Any CPU
		{CBB42210-D90C-437B-A763-7D3AF1EA1518}.Release|Any CPU.ActiveCfg = Release|Any CPU
		{CBB42210-D90C-437B-A763-7D3AF1EA1518}.Release|Any CPU.Build.0 = Release|Any CPU
	EndGlobalSection
	GlobalSection(SolutionProperties) = preSolution
		HideSolutionNode = FALSE
	EndGlobalSection
EndGlobal
